Microsoft Visual Studio Solution File, Format Version 12.00
# Visual Studio Version 17
VisualStudioVersion = 17.5.2.0
MinimumVisualStudioVersion = 10.0.40219.1
Project("{FAE04EC0-301F-11D3-BF4B-00C04F79EFBC}") = "OrganizationalSurveyModificationSystem", "OrganizationalSurveyModificationSystem.csproj", "{CA4CE62C-8E29-2770-2D13-FF294C805752}"
EndProject
Global
	GlobalSection(SolutionConfigurationPlatforms) = preSolution
		Debug|Any CPU = Debug|Any CPU
		Release|Any CPU = Release|Any CPU
	EndGlobalSection
	GlobalSection(ProjectConfigurationPlatforms) = postSolution
		{CA4CE62C-8E29-2770-2D13-FF294C805752}.Debug|Any CPU.ActiveCfg = Debug|Any CPU
		{CA4CE62C-8E29-2770-2D13-FF294C805752}.Debug|Any CPU.Build.0 = Debug|Any CPU
		{CA4CE62C-8E29-2770-2D13-FF294C805752}.Release|Any CPU.ActiveCfg = Release|Any CPU
		{CA4CE62C-8E29-2770-2D13-FF294C805752}.Release|Any CPU.Build.0 = Release|Any CPU
	EndGlobalSection
	GlobalSection(SolutionProperties) = preSolution
		HideSolutionNode = FALSE
	EndGlobalSection
	GlobalSection(ExtensibilityGlobals) = postSolution
		SolutionGuid = {EE49F1B3-19E6-464B-A748-A39AC003869F}
	EndGlobalSection
EndGlobal
